{
    "_meta": {
        "hash": {
            "sha256": "ad42661a95bba4ffad81f5449eb38811675a21dfa3dd13ef761524f1798aa81f"
        },
        "pipfile-spec": 6,
        "requires": {
            "python_version": "3.6"
        },
        "sources": [
            {
                "name": "pypi",
                "url": "https://pypi.org/simple",
                "verify_ssl": true
            }
        ]
    },
    "default": {
        "decorator": {
            "hashes": [
                "sha256:2c51dff8ef3c447388fe5e4453d24a2bf128d3a4c32af3fabef1f01c6851ab82",
                "sha256:c39efa13fbdeb4506c476c9b3babf6a718da943dab7811c206005a4a956c080c"
            ],
            "index": "pypi",
            "version": "==4.3.0"
        },
        "ipython-genutils": {
            "hashes": [
                "sha256:72dd37233799e619666c9f639a9da83c34013a73e8bbc79a7a6348d93c61fab8",
                "sha256:eb2e116e75ecef9d4d228fdc66af54269afa26ab4463042e33785b887c628ba8"
            ],
            "index": "pypi",
            "version": "==0.2.0"
        },
        "jsonschema": {
            "hashes": [
                "sha256:000e68abd33c972a5248544925a0cae7d1125f9bf6c58280d37546b946769a08",
                "sha256:6ff5f3180870836cae40f06fa10419f557208175f13ad7bc26caa77beb1f6e02"
            ],
            "index": "pypi",
            "version": "==2.6.0"
        },
        "jupyter-core": {
            "hashes": [
                "sha256:927d713ffa616ea11972534411544589976b2493fc7e09ad946e010aa7eb9970",
                "sha256:ba70754aa680300306c699790128f6fbd8c306ee5927976cbe48adacf240c0b7"
            ],
            "index": "pypi",
            "version": "==4.4.0"
        },
        "llvmlite": {
            "hashes": [
                "sha256:0358ffed8754b706584adb7c2f8669160e631192bbd379753c39439a5fb7fc36",
                "sha256:0c48be698f4303d8ff7966e41270cd392c2ef1e681ef69fb3f3fb03750285704",
                "sha256:1dc531d45a5e3938d8b7cccf48379a392b6c5353fa26e3f994805ede83e00d87",
                "sha256:23d31542ec7b442439e4df428fa0c12d12bec3e8ac5b3bad49f54b0d6f344c25",
                "sha256:27fb7f2335bc9f32be68f3f2b77ebb62f40764234df02e9a4fe0e725cf3ef3b1",
                "sha256:31000d019db84976a3cd9649102ef2b4713c3c65c2f83fb7e981b196f62761e8",
                "sha256:320de4c4a1c105b91629305be069d217f3a9d7fbe32cb22bcfb016361895fc07",
                "sha256:375579c3af61cface2e3ffa4ee30daed67e290efad5d8beeff3c717413382f50",
                "sha256:39264af5113cf55f6fb4981dfd672a99a599d59ed38b682a95e4e8be1f256f25",
                "sha256:3e6ba641abb4af80bb5d4a072a3510dc953218ecb5218eae9c994996c5f9c6e8",
                "sha256:59372eb3b710e3c05936e42b8bb1d0ef3481da26e097d0a6c6a049733f3c8a99",
                "sha256:7da3e0c5d09aad2ccec32e256b37ea2d5ce557a9b98c4ec00ad80f1770db7659",
                "sha256:809de4c7b46036c4da4c859b41b8986955d1a81d382efbfd6058a140165df4eb",
                "sha256:8817e023b86d840550669e35213917431ee8f16066a82ce59ad9c7f116375127",
                "sha256:951acf91f4f263cf528b6c438ac2d9d127b171dea01cc2973866b8b61426fa2e",
                "sha256:95fe4be10bf2a95622cbd98d80b92e3fc2e2504ea877dca83e54594c2b33a0ab",
                "sha256:acf2c6f7728ce67002da91f8b56580b21799d235aef6643724ec22a9cb3d03f8",
                "sha256:c7f74d94349ba852704a3eba695e0086c000ae7e713fb81065eb555471d4b67c",
                "sha256:d277d24e881d557b7b720abd76cbfec10787e447653069ac9202ff1ecf68c9bb",
                "sha256:d5f24ae1210575d832fabab04b198d11a1cff45781f5fd87301216551f43ce01",
                "sha256:ea1f94a13f6e9e6c3c6adb2edfd1158d47e85b938632e23808c9f8d35b962c8c"
            ],
            "index": "pypi",
            "version": "==0.24.0"
        },
        "nbformat": {
            "hashes": [
                "sha256:b9a0dbdbd45bb034f4f8893cafd6f652ea08c8c1674ba83f2dc55d3955743b0b",
                "sha256:f7494ef0df60766b7cabe0a3651556345a963b74dbc16bc7c18479041170d402"
            ],
            "index": "pypi",
            "version": "==4.4.0"
        },
        "six": {
            "hashes": [
                "sha256:70e8a77beed4562e7f14fe23a786b54f6296e34344c23bc42f07b15018ff98e9",
                "sha256:832dc0e10feb1aa2c68dcc57dbb658f1c7e65b9b61af69048abc87a2db00a0eb"
            ],
            "index": "pypi",
            "version": "==1.11.0"
        },
        "tatsu": {
            "hashes": [
                "sha256:de2bb29e2bce0605f44de606bd40761509fa2c1f2cd94e7e1fbf124c535e725d",
                "sha256:de4c681b65c8b8ab072393e8b423ca2773f9f93720d6386d99d7bd818cb0973f"
            ],
            "index": "pypi",
            "version": "==4.2.6"
        },
        "traitlets": {
            "hashes": [
                "sha256:9c4bd2d267b7153df9152698efb1050a5d84982d3384a37b2c1f7723ba3e7835",
                "sha256:c6cb5e6f57c5a9bdaa40fa71ce7b4af30298fbab9ece9815b5d995ab6217c7d9"
            ],
            "index": "pypi",
            "version": "==4.3.2"
        }
    },
    "develop": {}
}
